// !$*UTF8*$!
{
	archiveVersion = 1;
	classes = {
	};
	objectVersion = 46;
	objects = {

/* Begin PBXBuildFile section */
		1C9C71B44DB9F39D3CA079EC /* Pods_vrapp.framework in Frameworks */ = {isa = PBXBuildFile; fileRef = 0A2849AA341F0B0AD3C05B98 /* Pods_vrapp.framework */; };
		603DF7681D7D27F200E10B3D /* ENSideMenu.swift in Sources */ = {isa = PBXBuildFile; fileRef = 603DF7661D7D27F100E10B3D /* ENSideMenu.swift */; };
		603DF7691D7D27F200E10B3D /* ENSideMenuNavigationController.swift in Sources */ = {isa = PBXBuildFile; fileRef = 603DF7671D7D27F100E10B3D /* ENSideMenuNavigationController.swift */; };
		603DF76F1D7D503700E10B3D /* MyNavigationController.swift in Sources */ = {isa = PBXBuildFile; fileRef = 603DF76E1D7D503700E10B3D /* MyNavigationController.swift */; };
		603DF7711D7D51B800E10B3D /* MyMenuTableViewController.swift in Sources */ = {isa = PBXBuildFile; fileRef = 603DF7701D7D51B800E10B3D /* MyMenuTableViewController.swift */; };
		603DF7731D7D5A1600E10B3D /* ViewController2.swift in Sources */ = {isa = PBXBuildFile; fileRef = 603DF7721D7D5A1600E10B3D /* ViewController2.swift */; };
		60572F011D6FD4D300C7BFC9 /* AppDelegate.swift in Sources */ = {isa = PBXBuildFile; fileRef = 60572F001D6FD4D300C7BFC9 /* AppDelegate.swift */; };
		60572F031D6FD4D300C7BFC9 /* ViewController.swift in Sources */ = {isa = PBXBuildFile; fileRef = 60572F021D6FD4D300C7BFC9 /* ViewController.swift */; };
		60572F061D6FD4D300C7BFC9 /* Main.storyboard in Resources */ = {isa = PBXBuildFile; fileRef = 60572F041D6FD4D300C7BFC9 /* Main.storyboard */; };
		60572F081D6FD4D300C7BFC9 /* Assets.xcassets in Resources */ = {isa = PBXBuildFile; fileRef = 60572F071D6FD4D300C7BFC9 /* Assets.xcassets */; };
		60572F0B1D6FD4D300C7BFC9 /* LaunchScreen.storyboard in Resources */ = {isa = PBXBuildFile; fileRef = 60572F091D6FD4D300C7BFC9 /* LaunchScreen.storyboard */; };
		60572F161D6FD4D400C7BFC9 /* vrappTests.swift in Sources */ = {isa = PBXBuildFile; fileRef = 60572F151D6FD4D400C7BFC9 /* vrappTests.swift */; };
		60572F211D6FD4D400C7BFC9 /* vrappUITests.swift in Sources */ = {isa = PBXBuildFile; fileRef = 60572F201D6FD4D400C7BFC9 /* vrappUITests.swift */; };
		60B512911D780022008D899C /* AppNetRequest.swift in Sources */ = {isa = PBXBuildFile; fileRef = 60B512901D780022008D899C /* AppNetRequest.swift */; };
/* End PBXBuildFile section */

/* Begin PBXContainerItemProxy section */
		60572F121D6FD4D400C7BFC9 /* PBXContainerItemProxy */ = {
			isa = PBXContainerItemProxy;
			containerPortal = 60572EF51D6FD4D300C7BFC9 /* Project object */;
			proxyType = 1;
			remoteGlobalIDString = 60572EFC1D6FD4D300C7BFC9;
			remoteInfo = vrapp;
		};
		60572F1D1D6FD4D400C7BFC9 /* PBXContainerItemProxy */ = {
			isa = PBXContainerItemProxy;
			containerPortal = 60572EF51D6FD4D300C7BFC9 /* Project object */;
			proxyType = 1;
			remoteGlobalIDString = 60572EFC1D6FD4D300C7BFC9;
			remoteInfo = vrapp;
		};
/* End PBXContainerItemProxy section */

/* Begin PBXFileReference section */
		0A2849AA341F0B0AD3C05B98 /* Pods_vrapp.framework */ = {isa = PBXFileReference; explicitFileType = wrapper.framework; includeInIndex = 0; path = Pods_vrapp.framework; sourceTree = BUILT_PRODUCTS_DIR; };
		603DF7661D7D27F100E10B3D /* ENSideMenu.swift */ = {isa = PBXFileReference; fileEncoding = 4; lastKnownFileType = sourcecode.swift; name = ENSideMenu.swift; path = Pods/ENSwiftSideMenu/Library/ENSideMenu.swift; sourceTree = SOURCE_ROOT; };
		603DF7671D7D27F100E10B3D /* ENSideMenuNavigationController.swift */ = {isa = PBXFileReference; fileEncoding = 4; lastKnownFileType = sourcecode.swift; name = ENSideMenuNavigationController.swift; path = Pods/ENSwiftSideMenu/Library/ENSideMenuNavigationController.swift; sourceTree = SOURCE_ROOT; };
		603DF76E1D7D503700E10B3D /* MyNavigationController.swift */ = {isa = PBXFileReference; fileEncoding = 4; lastKnownFileType = sourcecode.swift; name = MyNavigationController.swift; path = controller/MyNavigationController.swift; sourceTree = "<group>"; };
		603DF7701D7D51B800E10B3D /* MyMenuTableViewController.swift */ = {isa = PBXFileReference; fileEncoding = 4; lastKnownFileType = sourcecode.swift; name = MyMenuTableViewController.swift; path = controller/MyMenuTableViewController.swift; sourceTree = "<group>"; };
		603DF7721D7D5A1600E10B3D /* ViewController2.swift */ = {isa = PBXFileReference; fileEncoding = 4; lastKnownFileType = sourcecode.swift; name = ViewController2.swift; path = controller/ViewController2.swift; sourceTree = "<group>"; };
		60572EFD1D6FD4D300C7BFC9 /* vrapp.app */ = {isa = PBXFileReference; explicitFileType = wrapper.application; includeInIndex = 0; path = vrapp.app; sourceTree = BUILT_PRODUCTS_DIR; };
		60572F001D6FD4D300C7BFC9 /* AppDelegate.swift */ = {isa = PBXFileReference; lastKnownFileType = sourcecode.swift; path = AppDelegate.swift; sourceTree = "<group>"; };
		60572F021D6FD4D300C7BFC9 /* ViewController.swift */ = {isa = PBXFileReference; lastKnownFileType = sourcecode.swift; path = ViewController.swift; sourceTree = "<group>"; };
		60572F051D6FD4D300C7BFC9 /* Base */ = {isa = PBXFileReference; lastKnownFileType = file.storyboard; name = Base; path = Base.lproj/Main.storyboard; sourceTree = "<group>"; };
		60572F071D6FD4D300C7BFC9 /* Assets.xcassets */ = {isa = PBXFileReference; lastKnownFileType = folder.assetcatalog; path = Assets.xcassets; sourceTree = "<group>"; };
		60572F0A1D6FD4D300C7BFC9 /* Base */ = {isa = PBXFileReference; lastKnownFileType = file.storyboard; name = Base; path = Base.lproj/LaunchScreen.storyboard; sourceTree = "<group>"; };
		60572F0C1D6FD4D300C7BFC9 /* Info.plist */ = {isa = PBXFileReference; lastKnownFileType = text.plist.xml; path = Info.plist; sourceTree = "<group>"; };
		60572F111D6FD4D400C7BFC9 /* vrappTests.xctest */ = {isa = PBXFileReference; explicitFileType = wrapper.cfbundle; includeInIndex = 0; path = vrappTests.xctest; sourceTree = BUILT_PRODUCTS_DIR; };
		60572F151D6FD4D400C7BFC9 /* vrappTests.swift */ = {isa = PBXFileReference; lastKnownFileType = sourcecode.swift; path = vrappTests.swift; sourceTree = "<group>"; };
		60572F171D6FD4D400C7BFC9 /* Info.plist */ = {isa = PBXFileReference; lastKnownFileType = text.plist.xml; path = Info.plist; sourceTree = "<group>"; };
		60572F1C1D6FD4D400C7BFC9 /* vrappUITests.xctest */ = {isa = PBXFileReference; explicitFileType = wrapper.cfbundle; includeInIndex = 0; path = vrappUITests.xctest; sourceTree = BUILT_PRODUCTS_DIR; };
		60572F201D6FD4D400C7BFC9 /* vrappUITests.swift */ = {isa = PBXFileReference; lastKnownFileType = sourcecode.swift; path = vrappUITests.swift; sourceTree = "<group>"; };
		60572F221D6FD4D400C7BFC9 /* Info.plist */ = {isa = PBXFileReference; lastKnownFileType = text.plist.xml; path = Info.plist; sourceTree = "<group>"; };
		60B512901D780022008D899C /* AppNetRequest.swift */ = {isa = PBXFileReference; fileEncoding = 4; lastKnownFileType = sourcecode.swift; name = AppNetRequest.swift; path = controller/AppNetRequest.swift; sourceTree = "<group>"; };
		7CB839B9F2D9C0C6A373ADE2 /* Pods-vrapp.release.xcconfig */ = {isa = PBXFileReference; includeInIndex = 1; lastKnownFileType = text.xcconfig; name = "Pods-vrapp.release.xcconfig"; path = "Pods/Target Support Files/Pods-vrapp/Pods-vrapp.release.xcconfig"; sourceTree = "<group>"; };
		D32807C7D1B223E02D635A13 /* Pods-vrapp.debug.xcconfig */ = {isa = PBXFileReference; includeInIndex = 1; lastKnownFileType = text.xcconfig; name = "Pods-vrapp.debug.xcconfig"; path = "Pods/Target Support Files/Pods-vrapp/Pods-vrapp.debug.xcconfig"; sourceTree = "<group>"; };
/* End PBXFileReference section */

/* Begin PBXFrameworksBuildPhase section */
		60572EFA1D6FD4D300C7BFC9 /* Frameworks */ = {
			isa = PBXFrameworksBuildPhase;
			buildActionMask = 2147483647;
			files = (
				1C9C71B44DB9F39D3CA079EC /* Pods_vrapp.framework in Frameworks */,
			);
			runOnlyForDeploymentPostprocessing = 0;
		};
		60572F0E1D6FD4D400C7BFC9 /* Frameworks */ = {
			isa = PBXFrameworksBuildPhase;
			buildActionMask = 2147483647;
			files = (
			);
			runOnlyForDeploymentPostprocessing = 0;
		};
		60572F191D6FD4D400C7BFC9 /* Frameworks */ = {
			isa = PBXFrameworksBuildPhase;
			buildActionMask = 2147483647;
			files = (
			);
			runOnlyForDeploymentPostprocessing = 0;
		};
/* End PBXFrameworksBuildPhase section */

/* Begin PBXGroup section */
		603DF7651D7D271100E10B3D /* 3rdParty */ = {
			isa = PBXGroup;
			children = (
				603DF7661D7D27F100E10B3D /* ENSideMenu.swift */,
				603DF7671D7D27F100E10B3D /* ENSideMenuNavigationController.swift */,
			);
			name = 3rdParty;
			sourceTree = "<group>";
		};
		60572EF41D6FD4D300C7BFC9 = {
			isa = PBXGroup;
			children = (
				60572EFF1D6FD4D300C7BFC9 /* vrapp */,
				60572F141D6FD4D400C7BFC9 /* vrappTests */,
				60572F1F1D6FD4D400C7BFC9 /* vrappUITests */,
				60572EFE1D6FD4D300C7BFC9 /* Products */,
				88ACDCBB7D596291E479CC5B /* Pods */,
				DB8006265D6B31E10E3FB813 /* Frameworks */,
			);
			sourceTree = "<group>";
		};
		60572EFE1D6FD4D300C7BFC9 /* Products */ = {
			isa = PBXGroup;
			children = (
				60572EFD1D6FD4D300C7BFC9 /* vrapp.app */,
				60572F111D6FD4D400C7BFC9 /* vrappTests.xctest */,
				60572F1C1D6FD4D400C7BFC9 /* vrappUITests.xctest */,
			);
			name = Products;
			sourceTree = "<group>";
		};
		60572EFF1D6FD4D300C7BFC9 /* vrapp */ = {
			isa = PBXGroup;
			children = (
				603DF7651D7D271100E10B3D /* 3rdParty */,
				60572F301D6FD56100C7BFC9 /* controller */,
				60572F2F1D6FD55600C7BFC9 /* view */,
				60572F2E1D6FD53900C7BFC9 /* model */,
				60572F001D6FD4D300C7BFC9 /* AppDelegate.swift */,
				60572F071D6FD4D300C7BFC9 /* Assets.xcassets */,
				60572F0C1D6FD4D300C7BFC9 /* Info.plist */,
			);
			path = vrapp;
			sourceTree = "<group>";
		};
		60572F141D6FD4D400C7BFC9 /* vrappTests */ = {
			isa = PBXGroup;
			children = (
				60572F151D6FD4D400C7BFC9 /* vrappTests.swift */,
				60572F171D6FD4D400C7BFC9 /* Info.plist */,
			);
			path = vrappTests;
			sourceTree = "<group>";
		};
		60572F1F1D6FD4D400C7BFC9 /* vrappUITests */ = {
			isa = PBXGroup;
			children = (
				60572F201D6FD4D400C7BFC9 /* vrappUITests.swift */,
				60572F221D6FD4D400C7BFC9 /* Info.plist */,
			);
			path = vrappUITests;
			sourceTree = "<group>";
		};
		60572F2E1D6FD53900C7BFC9 /* model */ = {
			isa = PBXGroup;
			children = (
			);
			name = model;
			sourceTree = "<group>";
		};
		60572F2F1D6FD55600C7BFC9 /* view */ = {
			isa = PBXGroup;
			children = (
				60572F091D6FD4D300C7BFC9 /* LaunchScreen.storyboard */,
				60572F041D6FD4D300C7BFC9 /* Main.storyboard */,
			);
			name = view;
			sourceTree = "<group>";
		};
		60572F301D6FD56100C7BFC9 /* controller */ = {
			isa = PBXGroup;
			children = (
				60572F021D6FD4D300C7BFC9 /* ViewController.swift */,
				60B512901D780022008D899C /* AppNetRequest.swift */,
				603DF76E1D7D503700E10B3D /* MyNavigationController.swift */,
				603DF7701D7D51B800E10B3D /* MyMenuTableViewController.swift */,
				603DF7721D7D5A1600E10B3D /* ViewController2.swift */,
			);
			name = controller;
			sourceTree = "<group>";
		};
		88ACDCBB7D596291E479CC5B /* Pods */ = {
			isa = PBXGroup;
			children = (
				D32807C7D1B223E02D635A13 /* Pods-vrapp.debug.xcconfig */,
				7CB839B9F2D9C0C6A373ADE2 /* Pods-vrapp.release.xcconfig */,
			);
			name = Pods;
			sourceTree = "<group>";
		};
		DB8006265D6B31E10E3FB813 /* Frameworks */ = {
			isa = PBXGroup;
			children = (
				0A2849AA341F0B0AD3C05B98 /* Pods_vrapp.framework */,
			);
			name = Frameworks;
			sourceTree = "<group>";
		};
/* End PBXGroup section */

/* Begin PBXNativeTarget section */
		60572EFC1D6FD4D300C7BFC9 /* vrapp */ = {
			isa = PBXNativeTarget;
			buildConfigurationList = 60572F251D6FD4D400C7BFC9 /* Build configuration list for PBXNativeTarget "vrapp" */;
			buildPhases = (
				082B0A0E514BF332903F068C /* [CP] Check Pods Manifest.lock */,
				60572EF91D6FD4D300C7BFC9 /* Sources */,
				60572EFA1D6FD4D300C7BFC9 /* Frameworks */,
				60572EFB1D6FD4D300C7BFC9 /* Resources */,
				3C524D0E9BB953C401FD6A0E /* [CP] Embed Pods Frameworks */,
				9606CD5BDAF55A9215798F21 /* [CP] Copy Pods Resources */,
			);
			buildRules = (
			);
			dependencies = (
			);
			name = vrapp;
			productName = vrapp;
			productReference = 60572EFD1D6FD4D300C7BFC9 /* vrapp.app */;
			productType = "com.apple.product-type.application";
		};
		60572F101D6FD4D400C7BFC9 /* vrappTests */ = {
			isa = PBXNativeTarget;
			buildConfigurationList = 60572F281D6FD4D400C7BFC9 /* Build configuration list for PBXNativeTarget "vrappTests" */;
			buildPhases = (
				60572F0D1D6FD4D400C7BFC9 /* Sources */,
				60572F0E1D6FD4D400C7BFC9 /* Frameworks */,
				60572F0F1D6FD4D400C7BFC9 /* Resources */,
			);
			buildRules = (
			);
			dependencies = (
				60572F131D6FD4D400C7BFC9 /* PBXTargetDependency */,
			);
			name = vrappTests;
			productName = vrappTests;
			productReference = 60572F111D6FD4D400C7BFC9 /* vrappTests.xctest */;
			productType = "com.apple.product-type.bundle.unit-test";
		};
		60572F1B1D6FD4D400C7BFC9 /* vrappUITests */ = {
			isa = PBXNativeTarget;
			buildConfigurationList = 60572F2B1D6FD4D400C7BFC9 /* Build configuration list for PBXNativeTarget "vrappUITests" */;
			buildPhases = (
				60572F181D6FD4D400C7BFC9 /* Sources */,
				60572F191D6FD4D400C7BFC9 /* Frameworks */,
				60572F1A1D6FD4D400C7BFC9 /* Resources */,
			);
			buildRules = (
			);
			dependencies = (
				60572F1E1D6FD4D400C7BFC9 /* PBXTargetDependency */,
			);
			name = vrappUITests;
			productName = vrappUITests;
			productReference = 60572F1C1D6FD4D400C7BFC9 /* vrappUITests.xctest */;
			productType = "com.apple.product-type.bundle.ui-testing";
		};
/* End PBXNativeTarget section */

/* Begin PBXProject section */
		60572EF51D6FD4D300C7BFC9 /* Project object */ = {
			isa = PBXProject;
			attributes = {
				LastSwiftUpdateCheck = 0730;
				LastUpgradeCheck = 0730;
				ORGANIZATIONNAME = sam;
				TargetAttributes = {
					60572EFC1D6FD4D300C7BFC9 = {
						CreatedOnToolsVersion = 7.3.1;
						DevelopmentTeam = 8VVXE7KA3K;
					};
					60572F101D6FD4D400C7BFC9 = {
						CreatedOnToolsVersion = 7.3.1;
						DevelopmentTeam = 8VVXE7KA3K;
						TestTargetID = 60572EFC1D6FD4D300C7BFC9;
					};
					60572F1B1D6FD4D400C7BFC9 = {
						CreatedOnToolsVersion = 7.3.1;
						DevelopmentTeam = 8VVXE7KA3K;
						TestTargetID = 60572EFC1D6FD4D300C7BFC9;
					};
				};
			};
			buildConfigurationList = 60572EF81D6FD4D300C7BFC9 /* Build configuration list for PBXProject "vrapp" */;
			compatibilityVersion = "Xcode 3.2";
			developmentRegion = English;
			hasScannedForEncodings = 0;
			knownRegions = (
				en,
				Base,
			);
			mainGroup = 60572EF41D6FD4D300C7BFC9;
			productRefGroup = 60572EFE1D6FD4D300C7BFC9 /* Products */;
			projectDirPath = "";
			projectRoot = "";
			targets = (
				60572EFC1D6FD4D300C7BFC9 /* vrapp */,
				60572F101D6FD4D400C7BFC9 /* vrappTests */,
				60572F1B1D6FD4D400C7BFC9 /* vrappUITests */,
			);
		};
/* End PBXProject section */

/* Begin PBXResourcesBuildPhase section */
		60572EFB1D6FD4D300C7BFC9 /* Resources */ = {
			isa = PBXResourcesBuildPhase;
			buildActionMask = 2147483647;
			files = (
				60572F0B1D6FD4D300C7BFC9 /* LaunchScreen.storyboard in Resources */,
				60572F081D6FD4D300C7BFC9 /* Assets.xcassets in Resources */,
				60572F061D6FD4D300C7BFC9 /* Main.storyboard in Resources */,
			);
			runOnlyForDeploymentPostprocessing = 0;
		};
		60572F0F1D6FD4D400C7BFC9 /* Resources */ = {
			isa = PBXResourcesBuildPhase;
			buildActionMask = 2147483647;
			files = (
			);
			runOnlyForDeploymentPostprocessing = 0;
		};
		60572F1A1D6FD4D400C7BFC9 /* Resources */ = {
			isa = PBXResourcesBuildPhase;
			buildActionMask = 2147483647;
			files = (
			);
			runOnlyForDeploymentPostprocessing = 0;
		};
/* End PBXResourcesBuildPhase section */

/* Begin PBXShellScriptBuildPhase section */
		082B0A0E514BF332903F068C /* [CP] Check Pods Manifest.lock */ = {
			isa = PBXShellScriptBuildPhase;
			buildActionMask = 2147483647;
			files = (
			);
			inputPaths = (
			);
			name = "[CP] Check Pods Manifest.lock";
			outputPaths = (
			);
			runOnlyForDeploymentPostprocessing = 0;
			shellPath = /bin/sh;
			shellScript = "diff \"${PODS_ROOT}/../Podfile.lock\" \"${PODS_ROOT}/Manifest.lock\" > /dev/null\nif [ $? != 0 ] ; then\n    # print error to STDERR\n    echo \"error: The sandbox is not in sync with the Podfile.lock. Run 'pod install' or update your CocoaPods installation.\" >&2\n    exit 1\nfi\n";
			showEnvVarsInLog = 0;
		};
		3C524D0E9BB953C401FD6A0E /* [CP] Embed Pods Frameworks */ = {
			isa = PBXShellScriptBuildPhase;
			buildActionMask = 2147483647;
			files = (
			);
			inputPaths = (
			);
			name = "[CP] Embed Pods Frameworks";
			outputPaths = (
			);
			runOnlyForDeploymentPostprocessing = 0;
			shellPath = /bin/sh;
			shellScript = "\"${SRCROOT}/Pods/Target Support Files/Pods-vrapp/Pods-vrapp-frameworks.sh\"\n";
			showEnvVarsInLog = 0;
		};
		9606CD5BDAF55A9215798F21 /* [CP] Copy Pods Resources */ = {
			isa = PBXShellScriptBuildPhase;
			buildActionMask = 2147483647;
			files = (
			);
			inputPaths = (
			);
			name = "[CP] Copy Pods Resources";
			outputPaths = (
			);
			runOnlyForDeploymentPostprocessing = 0;
			shellPath = /bin/sh;
			shellScript = "\"${SRCROOT}/Pods/Target Support Files/Pods-vrapp/Pods-vrapp-resources.sh\"\n";
			showEnvVarsInLog = 0;
		};
/* End PBXShellScriptBuildPhase section */

/* Begin PBXSourcesBuildPhase section */
		60572EF91D6FD4D300C7BFC9 /* Sources */ = {
			isa = PBXSourcesBuildPhase;
			buildActionMask = 2147483647;
			files = (
				603DF7691D7D27F200E10B3D /* ENSideMenuNavigationController.swift in Sources */,
				603DF7731D7D5A1600E10B3D /* ViewController2.swift in Sources */,
				60572F031D6FD4D300C7BFC9 /* ViewController.swift in Sources */,
				603DF7681D7D27F200E10B3D /* ENSideMenu.swift in Sources */,
				603DF76F1D7D503700E10B3D /* MyNavigationController.swift in Sources */,
				603DF7711D7D51B800E10B3D /* MyMenuTableViewController.swift in Sources */,
				60572F011D6FD4D300C7BFC9 /* AppDelegate.swift in Sources */,
				60B512911D780022008D899C /* AppNetRequest.swift in Sources */,
			);
			runOnlyForDeploymentPostprocessing = 0;
		};
		60572F0D1D6FD4D400C7BFC9 /* Sources */ = {
			isa = PBXSourcesBuildPhase;
			buildActionMask = 2147483647;
			files = (
				60572F161D6FD4D400C7BFC9 /* vrappTests.swift in Sources */,
			);
			runOnlyForDeploymentPostprocessing = 0;
		};
		60572F181D6FD4D400C7BFC9 /* Sources */ = {
			isa = PBXSourcesBuildPhase;
			buildActionMask = 2147483647;
			files = (
				60572F211D6FD4D400C7BFC9 /* vrappUITests.swift in Sources */,
			);
			runOnlyForDeploymentPostprocessing = 0;
		};
/* End PBXSourcesBuildPhase section */

/* Begin PBXTargetDependency section */
		60572F131D6FD4D400C7BFC9 /* PBXTargetDependency */ = {
			isa = PBXTargetDependency;
			target = 60572EFC1D6FD4D300C7BFC9 /* vrapp */;
			targetProxy = 60572F121D6FD4D400C7BFC9 /* PBXContainerItemProxy */;
		};
		60572F1E1D6FD4D400C7BFC9 /* PBXTargetDependency */ = {
			isa = PBXTargetDependency;
			target = 60572EFC1D6FD4D300C7BFC9 /* vrapp */;
			targetProxy = 60572F1D1D6FD4D400C7BFC9 /* PBXContainerItemProxy */;
		};
/* End PBXTargetDependency section */

/* Begin PBXVariantGroup section */
		60572F041D6FD4D300C7BFC9 /* Main.storyboard */ = {
			isa = PBXVariantGroup;
			children = (
				60572F051D6FD4D300C7BFC9 /* Base */,
			);
			name = Main.storyboard;
			sourceTree = "<group>";
		};
		60572F091D6FD4D300C7BFC9 /* LaunchScreen.storyboard */ = {
			isa = PBXVariantGroup;
			children = (
				60572F0A1D6FD4D300C7BFC9 /* Base */,
			);
			name = LaunchScreen.storyboard;
			sourceTree = "<group>";
		};
/* End PBXVariantGroup section */

/* Begin XCBuildConfiguration section */
		60572F231D6FD4D400C7BFC9 /* Debug */ = {
			isa = XCBuildConfiguration;
			buildSettings = {
				ALWAYS_SEARCH_USER_PATHS = NO;
				CLANG_ANALYZER_NONNULL = YES;
				CLANG_CXX_LANGUAGE_STANDARD = "gnu++0x";
				CLANG_CXX_LIBRARY = "libc++";
				CLANG_ENABLE_MODULES = YES;
				CLANG_ENABLE_OBJC_ARC = YES;
				CLANG_WARN_BOOL_CONVERSION = YES;
				CLANG_WARN_CONSTANT_CONVERSION = YES;
				CLANG_WARN_DIRECT_OBJC_ISA_USAGE = YES_ERROR;
				CLANG_WARN_EMPTY_BODY = YES;
				CLANG_WARN_ENUM_CONVERSION = YES;
				CLANG_WARN_INT_CONVERSION = YES;
				CLANG_WARN_OBJC_ROOT_CLASS = YES_ERROR;
				CLANG_WARN_UNREACHABLE_CODE = YES;
				CLANG_WARN__DUPLICATE_METHOD_MATCH = YES;
				"CODE_SIGN_IDENTITY[sdk=iphoneos*]" = "iPhone Developer";
				COPY_PHASE_STRIP = NO;
				DEBUG_INFORMATION_FORMAT = dwarf;
				ENABLE_STRICT_OBJC_MSGSEND = YES;
				ENABLE_TESTABILITY = YES;
				GCC_C_LANGUAGE_STANDARD = gnu99;
				GCC_DYNAMIC_NO_PIC = NO;
				GCC_NO_COMMON_BLOCKS = YES;
				GCC_OPTIMIZATION_LEVEL = 0;
				GCC_PREPROCESSOR_DEFINITIONS = (
					"DEBUG=1",
					"$(inherited)",
				);
				GCC_WARN_64_TO_32_BIT_CONVERSION = YES;
				GCC_WARN_ABOUT_RETURN_TYPE = YES_ERROR;
				GCC_WARN_UNDECLARED_SELECTOR = YES;
				GCC_WARN_UNINITIALIZED_AUTOS = YES_AGGRESSIVE;
				GCC_WARN_UNUSED_FUNCTION = YES;
				GCC_WARN_UNUSED_VARIABLE = YES;
				IPHONEOS_DEPLOYMENT_TARGET = 9.3;
				MTL_ENABLE_DEBUG_INFO = YES;
				ONLY_ACTIVE_ARCH = YES;
				SDKROOT = iphoneos;
				SWIFT_OPTIMIZATION_LEVEL = "-Onone";
			};
			name = Debug;
		};
		60572F241D6FD4D400C7BFC9 /* Release */ = {
			isa = XCBuildConfiguration;
			buildSettings = {
				ALWAYS_SEARCH_USER_PATHS = NO;
				CLANG_ANALYZER_NONNULL = YES;
				CLANG_CXX_LANGUAGE_STANDARD = "gnu++0x";
				CLANG_CXX_LIBRARY = "libc++";
				CLANG_ENABLE_MODULES = YES;
				CLANG_ENABLE_OBJC_ARC = YES;
				CLANG_WARN_BOOL_CONVERSION = YES;
				CLANG_WARN_CONSTANT_CONVERSION = YES;
				CLANG_WARN_DIRECT_OBJC_ISA_USAGE = YES_ERROR;
				CLANG_WARN_EMPTY_BODY = YES;
				CLANG_WARN_ENUM_CONVERSION = YES;
				CLANG_WARN_INT_CONVERSION = YES;
				CLANG_WARN_OBJC_ROOT_CLASS = YES_ERROR;
				CLANG_WARN_UNREACHABLE_CODE = YES;
				CLANG_WARN__DUPLICATE_METHOD_MATCH = YES;
				"CODE_SIGN_IDENTITY[sdk=iphoneos*]" = "iPhone Developer";
				COPY_PHASE_STRIP = NO;
				DEBUG_INFORMATION_FORMAT = "dwarf-with-dsym";
				ENABLE_NS_ASSERTIONS = NO;
				ENABLE_STRICT_OBJC_MSGSEND = YES;
				GCC_C_LANGUAGE_STANDARD = gnu99;
				GCC_NO_COMMON_BLOCKS = YES;
				GCC_WARN_64_TO_32_BIT_CONVERSION = YES;
				GCC_WARN_ABOUT_RETURN_TYPE = YES_ERROR;
				GCC_WARN_UNDECLARED_SELECTOR = YES;
				GCC_WARN_UNINITIALIZED_AUTOS = YES_AGGRESSIVE;
				GCC_WARN_UNUSED_FUNCTION = YES;
				GCC_WARN_UNUSED_VARIABLE = YES;
				IPHONEOS_DEPLOYMENT_TARGET = 9.3;
				MTL_ENABLE_DEBUG_INFO = NO;
				SDKROOT = iphoneos;
				VALIDATE_PRODUCT = YES;
			};
			name = Release;
		};
		60572F261D6FD4D400C7BFC9 /* Debug */ = {
			isa = XCBuildConfiguration;
			baseConfigurationReference = D32807C7D1B223E02D635A13 /* Pods-vrapp.debug.xcconfig */;
			buildSettings = {
				ASSETCATALOG_COMPILER_APPICON_NAME = AppIcon;
				CODE_SIGN_IDENTITY = "iPhone Developer";
				INFOPLIST_FILE = vrapp/Info.plist;
				LD_RUNPATH_SEARCH_PATHS = "$(inherited) @executable_path/Frameworks";
				PRODUCT_BUNDLE_IDENTIFIER = com.jdyun.vrapp;
				PRODUCT_NAME = "$(TARGET_NAME)";
			};
			name = Debug;
		};
		60572F271D6FD4D400C7BFC9 /* Release */ = {
			isa = XCBuildConfiguration;
			baseConfigurationReference = 7CB839B9F2D9C0C6A373ADE2 /* Pods-vrapp.release.xcconfig */;
			buildSettings = {
				ASSETCATALOG_COMPILER_APPICON_NAME = AppIcon;
				CODE_SIGN_IDENTITY = "iPhone Developer";
				INFOPLIST_FILE = vrapp/Info.plist;
				LD_RUNPATH_SEARCH_PATHS = "$(inherited) @executable_path/Frameworks";
				PRODUCT_BUNDLE_IDENTIFIER = com.jdyun.vrapp;
				PRODUCT_NAME = "$(TARGET_NAME)";
			};
			name = Release;
		};
		60572F291D6FD4D400C7BFC9 /* Debug */ = {
			isa = XCBuildConfiguration;
			buildSettings = {
				BUNDLE_LOADER = "$(TEST_HOST)";
				INFOPLIST_FILE = vrappTests/Info.plist;
				LD_RUNPATH_SEARCH_PATHS = "$(inherited) @executable_path/Frameworks @loader_path/Frameworks";
				PRODUCT_BUNDLE_IDENTIFIER = com.jdyun.vrappTests;
				PRODUCT_NAME = "$(TARGET_NAME)";
				TEST_HOST = "$(BUILT_PRODUCTS_DIR)/vrapp.app/vrapp";
			};
			name = Debug;
		};
		60572F2A1D6FD4D400C7BFC9 /* Release */ = {
			isa = XCBuildConfiguration;
			buildSettings = {
				BUNDLE_LOADER = "$(TEST_HOST)";
				INFOPLIST_FILE = vrappTests/Info.plist;
				LD_RUNPATH_SEARCH_PATHS = "$(inherited) @executable_path/Frameworks @loader_path/Frameworks";
				PRODUCT_BUNDLE_IDENTIFIER = com.jdyun.vrappTests;
				PRODUCT_NAME = "$(TARGET_NAME)";
				TEST_HOST = "$(BUILT_PRODUCTS_DIR)/vrapp.app/vrapp";
			};
			name = Release;
		};
		60572F2C1D6FD4D400C7BFC9 /* Debug */ = {
			isa = XCBuildConfiguration;
			buildSettings = {
				INFOPLIST_FILE = vrappUITests/Info.plist;
				LD_RUNPATH_SEARCH_PATHS = "$(inherited) @executable_path/Frameworks @loader_path/Frameworks";
				PRODUCT_BUNDLE_IDENTIFIER = com.jdyun.vrappUITests;
				PRODUCT_NAME = "$(TARGET_NAME)";
				TEST_TARGET_NAME = vrapp;
			};
			name = Debug;
		};
		60572F2D1D6FD4D400C7BFC9 /* Release */ = {
			isa = XCBuildConfiguration;
			buildSettings = {
				INFOPLIST_FILE = vrappUITests/Info.plist;
				LD_RUNPATH_SEARCH_PATHS = "$(inherited) @executable_path/Frameworks @loader_path/Frameworks";
				PRODUCT_BUNDLE_IDENTIFIER = com.jdyun.vrappUITests;
				PRODUCT_NAME = "$(TARGET_NAME)";
				TEST_TARGET_NAME = vrapp;
			};
			name = Release;
		};
/* End XCBuildConfiguration section */

/* Begin XCConfigurationList section */
		60572EF81D6FD4D300C7BFC9 /* Build configuration list for PBXProject "vrapp" */ = {
			isa = XCConfigurationList;
			buildConfigurations = (
				60572F231D6FD4D400C7BFC9 /* Debug */,
				60572F241D6FD4D400C7BFC9 /* Release */,
			);
			defaultConfigurationIsVisible = 0;
			defaultConfigurationName = Release;
		};
		60572F251D6FD4D400C7BFC9 /* Build configuration list for PBXNativeTarget "vrapp" */ = {
			isa = XCConfigurationList;
			buildConfigurations = (
				60572F261D6FD4D400C7BFC9 /* Debug */,
				60572F271D6FD4D400C7BFC9 /* Release */,
			);
			defaultConfigurationIsVisible = 0;
			defaultConfigurationName = Release;
		};
		60572F281D6FD4D400C7BFC9 /* Build configuration list for PBXNativeTarget "vrappTests" */ = {
			isa = XCConfigurationList;
			buildConfigurations = (
				60572F291D6FD4D400C7BFC9 /* Debug */,
				60572F2A1D6FD4D400C7BFC9 /* Release */,
			);
			defaultConfigurationIsVisible = 0;
			defaultConfigurationName = Release;
		};
		60572F2B1D6FD4D400C7BFC9 /* Build configuration list for PBXNativeTarget "vrappUITests" */ = {
			isa = XCConfigurationList;
			buildConfigurations = (
				60572F2C1D6FD4D400C7BFC9 /* Debug */,
				60572F2D1D6FD4D400C7BFC9 /* Release */,
			);
			defaultConfigurationIsVisible = 0;
			defaultConfigurationName = Release;
		};
/* End XCConfigurationList section */
	};
	rootObject = 60572EF51D6FD4D300C7BFC9 /* Project object */;
}
